# This file is automatically @generated by Poetry 2.3.2 and should not be changed by hand.

[[package]]
name = "colorama"
version = "0.4.6"
description = "Cross-platform colored terminal text."
optional = false
python-versions = "!=3.0.*,!=3.1.*,!=3.2.*,!=3.3.*,!=3.4.*,!=3.5.*,!=3.6.*,>=2.7"
groups = ["dev"]
files = [
    {file = "colorama-0.4.6-py2.py3-none-any.whl", hash = "sha256:4f1d9991f5acc0ca119f9d443620b77f9d6b33703e51011c16baf57afb285fc6"},
    {file = "colorama-0.4.6.tar.gz", hash = "sha256:08695f5cb7ed6e0531a20572697297273c47b8cae5a63ffc6d6ed5c201be6e44"},
]

[[package]]
name = "smart-commit-tool"
version = "3.0.4"
description = "Automated pre-push workflow manager with built-in code quality enforcement and smart branch protection."
optional = false
python-versions = ">=3.11"
groups = ["dev"]
files = [
    {file = "smart_commit_tool-3.0.4-py3-none-any.whl", hash = "sha256:105d13fed1b7c1f5450564003e38bb29ccb43da83c6ea644302aea5e89a50b43"},
    {file = "smart_commit_tool-3.0.4.tar.gz", hash = "sha256:03b3d9dd02fe3dad192c87bbd3f938949afbfa8f62940856192c3930177ec06e"},
]

[package.dependencies]
colorama = "*"

[metadata]
lock-version = "2.1"
python-versions = ">=3.12"
content-hash = "3995473a857b3b46fd4a82f4d7393e7bc323112dd59715c3d6ed7ddab2989d83"
